github.com/golang/glog v0.0.0-20160126235308-23def4e6c14b h1:VKtxabqXZkF25pY9ekfRL6a582T4P37/31XEstQ5p58=
github.com/golang/glog v0.0.0-20160126235308-23def4e6c14b/go.mod h1:SBH7ygxi8pfUlaOkMMuAQtPIUF8ecWP5IEl/CR7VP2Q=
github.com/xiejw/lunar v0.0.0-20200127144636-9f266905d08f h1:L6etM4I9wgAQIrtXlgP1Oh4wL8XAay8/3lkCeyxFwxQ=
github.com/xiejw/lunar v0.0.0-20200127144636-9f266905d08f/go.mod h1:hTg/o+zd75pmmgUOLrxXXObTS34MivnJY2DqCs+wIkM=
