github.com/golang/glog v0.0.0-20160126235308-23def4e6c14b h1:VKtxabqXZkF25pY9ekfRL6a582T4P37/31XEstQ5p58=
github.com/golang/glog v0.0.0-20160126235308-23def4e6c14b/go.mod h1:SBH7ygxi8pfUlaOkMMuAQtPIUF8ecWP5IEl/CR7VP2Q=
github.com/xiejw/lunar v0.0.0-20200608032803-7c5143215d77 h1:yRYcRBqE/PVInuMY4LG7RRnIHw7VjWZEK00EP9Eu1AM=
github.com/xiejw/lunar v0.0.0-20200608032803-7c5143215d77/go.mod h1:PMDQ29BrmX6nopMF1cAgU0wGhD/8BLjiRC69nvEBwN4=
